
Microsoft Visual Studio Solution File, Format Version 12.00
# Visual Studio Version 16
VisualStudioVersion = 16.0.32126.315
MinimumVisualStudioVersion = 10.0.40219.1
Project("{FAE04EC0-301F-11D3-BF4B-00C04F79EFBC}") = "Client", "Client\Client.csproj", "{F3624910-ABDE-4874-B7B5-7EB0BD496D5B}"
	ProjectSection(ProjectDependencies) = postProject
		{3776970B-91E3-43E1-99DA-1F8D6B37CAD8} = {3776970B-91E3-43E1-99DA-1F8D6B37CAD8}
	EndProjectSection
EndProject
Project("{FAE04EC0-301F-11D3-BF4B-00C04F79EFBC}") = "Server", "Server\Server.csproj", "{3776970B-91E3-43E1-99DA-1F8D6B37CAD8}"
EndProject
Global
	GlobalSection(SolutionConfigurationPlatforms) = preSolution
		Debug|Any CPU = Debug|Any CPU
		Release|Any CPU = Release|Any CPU
	EndGlobalSection
	GlobalSection(ProjectConfigurationPlatforms) = postSolution
		{F3624910-ABDE-4874-B7B5-7EB0BD496D5B}.Debug|Any CPU.ActiveCfg = Debug|Any CPU
		{F3624910-ABDE-4874-B7B5-7EB0BD496D5B}.Debug|Any CPU.Build.0 = Debug|Any CPU
		{F3624910-ABDE-4874-B7B5-7EB0BD496D5B}.Release|Any CPU.ActiveCfg = Release|Any CPU
		{F3624910-ABDE-4874-B7B5-7EB0BD496D5B}.Release|Any CPU.Build.0 = Release|Any CPU
		{3776970B-91E3-43E1-99DA-1F8D6B37CAD8}.Debug|Any CPU.ActiveCfg = Debug|Any CPU
		{3776970B-91E3-43E1-99DA-1F8D6B37CAD8}.Debug|Any CPU.Build.0 = Debug|Any CPU
		{3776970B-91E3-43E1-99DA-1F8D6B37CAD8}.Release|Any CPU.ActiveCfg = Release|Any CPU
		{3776970B-91E3-43E1-99DA-1F8D6B37CAD8}.Release|Any CPU.Build.0 = Release|Any CPU
	EndGlobalSection
	GlobalSection(SolutionProperties) = preSolution
		HideSolutionNode = FALSE
	EndGlobalSection
	GlobalSection(ExtensibilityGlobals) = postSolution
		SolutionGuid = {EF448E9D-15AE-4553-A910-C3E83A63EE31}
	EndGlobalSection
EndGlobal
