
Microsoft Visual Studio Solution File, Format Version 12.00
# Visual Studio Version 16
VisualStudioVersion = 16.0.31112.23
MinimumVisualStudioVersion = 10.0.40219.1
Project("{FAE04EC0-301F-11D3-BF4B-00C04F79EFBC}") = "Rendering - Animated Sprites", "Rendering - Animated Sprites\Rendering - Animated Sprites.csproj", "{568A4E59-95C6-4B99-A979-F1851EAB0609}"
EndProject
Global
	GlobalSection(SolutionConfigurationPlatforms) = preSolution
		Debug|Any CPU = Debug|Any CPU
		Release|Any CPU = Release|Any CPU
	EndGlobalSection
	GlobalSection(ProjectConfigurationPlatforms) = postSolution
		{568A4E59-95C6-4B99-A979-F1851EAB0609}.Debug|Any CPU.ActiveCfg = Debug|Any CPU
		{568A4E59-95C6-4B99-A979-F1851EAB0609}.Debug|Any CPU.Build.0 = Debug|Any CPU
		{568A4E59-95C6-4B99-A979-F1851EAB0609}.Release|Any CPU.ActiveCfg = Release|Any CPU
		{568A4E59-95C6-4B99-A979-F1851EAB0609}.Release|Any CPU.Build.0 = Release|Any CPU
	EndGlobalSection
	GlobalSection(SolutionProperties) = preSolution
		HideSolutionNode = FALSE
	EndGlobalSection
	GlobalSection(ExtensibilityGlobals) = postSolution
		SolutionGuid = {D05BF335-E969-4C61-A5C4-8D9230D06A1E}
	EndGlobalSection
EndGlobal
