
Microsoft Visual Studio Solution File, Format Version 12.00
# Visual Studio Version 16
VisualStudioVersion = 16.0.31025.194
MinimumVisualStudioVersion = 10.0.40219.1
Project("{FAE04EC0-301F-11D3-BF4B-00C04F79EFBC}") = "Particles - Step 4", "Particles - Step 4\Particles - Step 4.csproj", "{DE16F103-3C73-4744-909D-A9AAEED0991B}"
EndProject
Global
	GlobalSection(SolutionConfigurationPlatforms) = preSolution
		Debug|Any CPU = Debug|Any CPU
		Release|Any CPU = Release|Any CPU
	EndGlobalSection
	GlobalSection(ProjectConfigurationPlatforms) = postSolution
		{DE16F103-3C73-4744-909D-A9AAEED0991B}.Debug|Any CPU.ActiveCfg = Debug|Any CPU
		{DE16F103-3C73-4744-909D-A9AAEED0991B}.Debug|Any CPU.Build.0 = Debug|Any CPU
		{DE16F103-3C73-4744-909D-A9AAEED0991B}.Release|Any CPU.ActiveCfg = Release|Any CPU
		{DE16F103-3C73-4744-909D-A9AAEED0991B}.Release|Any CPU.Build.0 = Release|Any CPU
	EndGlobalSection
	GlobalSection(SolutionProperties) = preSolution
		HideSolutionNode = FALSE
	EndGlobalSection
	GlobalSection(ExtensibilityGlobals) = postSolution
		SolutionGuid = {3AE3EC63-F344-446C-8382-7E1DE362B5F4}
	EndGlobalSection
EndGlobal
